
Microsoft Visual Studio Solution File, Format Version 12.00
# Visual Studio Version 16
VisualStudioVersion = 16.0.31424.327
MinimumVisualStudioVersion = 10.0.40219.1
Project("{2150E333-8FDC-42A3-9474-1A3956D46DE8}") = "src", "src", "{B37E0E93-4F86-473B-ABBE-F6EEFF7BC119}"
EndProject
Project("{2150E333-8FDC-42A3-9474-1A3956D46DE8}") = "tests", "tests", "{D18E591F-FCC4-41F6-8C27-8A43482B3A57}"
EndProject
Project("{2150E333-8FDC-42A3-9474-1A3956D46DE8}") = "API", "API", "{546BF35F-4F5A-41F0-83F6-6A9DF43255A3}"
EndProject
Project("{2150E333-8FDC-42A3-9474-1A3956D46DE8}") = "Core", "Core", "{604C4B9E-F651-404B-BBD9-6EFB7100E8EA}"
EndProject
Project("{2150E333-8FDC-42A3-9474-1A3956D46DE8}") = "Infrastructure", "Infrastructure", "{5962A62C-71B9-4F02-96CC-B55DD5EDA8C5}"
EndProject
Project("{2150E333-8FDC-42A3-9474-1A3956D46DE8}") = "UI", "UI", "{B7CF3867-8B86-453E-9B50-32AB1DDEA776}"
EndProject
Project("{9A19103F-16F7-4668-BE54-9A1E7A4F7556}") = "HRLeaveManagement.Domain", "HRLeaveManagement.Domain\HRLeaveManagement.Domain.csproj", "{9D50B28A-006D-40A2-A89C-CE08AB2B847C}"
EndProject
Project("{9A19103F-16F7-4668-BE54-9A1E7A4F7556}") = "HRLeaveManagement.Application", "HRLeaveManagement.Application\HRLeaveManagement.Application.csproj", "{6FA5D6D8-5EC6-4DDF-9E3B-B85CCB27E381}"
EndProject
Project("{9A19103F-16F7-4668-BE54-9A1E7A4F7556}") = "HRLeaveManagement.Infrastructure", "HRLeaveManagement.Infrastructure\HRLeaveManagement.Infrastructure.csproj", "{73DB7914-6AEE-4E90-A757-A34965AA862C}"
EndProject
Project("{9A19103F-16F7-4668-BE54-9A1E7A4F7556}") = "HRLeaveManagement.Persistence", "HRLeaveManagement.Persistence\HRLeaveManagement.Persistence.csproj", "{BCAB51B6-0863-4F5A-92BA-599C3B5013C1}"
EndProject
Project("{FAE04EC0-301F-11D3-BF4B-00C04F79EFBC}") = "HRLeaveManagement.Api", "HRLeaveManagement.Api\HRLeaveManagement.Api.csproj", "{04B0BCF6-8F5E-475B-872A-60EEFFB7ECF6}"
EndProject
Global
	GlobalSection(SolutionConfigurationPlatforms) = preSolution
		Debug|Any CPU = Debug|Any CPU
		Release|Any CPU = Release|Any CPU
	EndGlobalSection
	GlobalSection(ProjectConfigurationPlatforms) = postSolution
		{9D50B28A-006D-40A2-A89C-CE08AB2B847C}.Debug|Any CPU.ActiveCfg = Debug|Any CPU
		{9D50B28A-006D-40A2-A89C-CE08AB2B847C}.Debug|Any CPU.Build.0 = Debug|Any CPU
		{9D50B28A-006D-40A2-A89C-CE08AB2B847C}.Release|Any CPU.ActiveCfg = Release|Any CPU
		{9D50B28A-006D-40A2-A89C-CE08AB2B847C}.Release|Any CPU.Build.0 = Release|Any CPU
		{6FA5D6D8-5EC6-4DDF-9E3B-B85CCB27E381}.Debug|Any CPU.ActiveCfg = Debug|Any CPU
		{6FA5D6D8-5EC6-4DDF-9E3B-B85CCB27E381}.Debug|Any CPU.Build.0 = Debug|Any CPU
		{6FA5D6D8-5EC6-4DDF-9E3B-B85CCB27E381}.Release|Any CPU.ActiveCfg = Release|Any CPU
		{6FA5D6D8-5EC6-4DDF-9E3B-B85CCB27E381}.Release|Any CPU.Build.0 = Release|Any CPU
		{73DB7914-6AEE-4E90-A757-A34965AA862C}.Debug|Any CPU.ActiveCfg = Debug|Any CPU
		{73DB7914-6AEE-4E90-A757-A34965AA862C}.Debug|Any CPU.Build.0 = Debug|Any CPU
		{73DB7914-6AEE-4E90-A757-A34965AA862C}.Release|Any CPU.ActiveCfg = Release|Any CPU
		{73DB7914-6AEE-4E90-A757-A34965AA862C}.Release|Any CPU.Build.0 = Release|Any CPU
		{BCAB51B6-0863-4F5A-92BA-599C3B5013C1}.Debug|Any CPU.ActiveCfg = Debug|Any CPU
		{BCAB51B6-0863-4F5A-92BA-599C3B5013C1}.Debug|Any CPU.Build.0 = Debug|Any CPU
		{BCAB51B6-0863-4F5A-92BA-599C3B5013C1}.Release|Any CPU.ActiveCfg = Release|Any CPU
		{BCAB51B6-0863-4F5A-92BA-599C3B5013C1}.Release|Any CPU.Build.0 = Release|Any CPU
		{04B0BCF6-8F5E-475B-872A-60EEFFB7ECF6}.Debug|Any CPU.ActiveCfg = Debug|Any CPU
		{04B0BCF6-8F5E-475B-872A-60EEFFB7ECF6}.Debug|Any CPU.Build.0 = Debug|Any CPU
		{04B0BCF6-8F5E-475B-872A-60EEFFB7ECF6}.Release|Any CPU.ActiveCfg = Release|Any CPU
		{04B0BCF6-8F5E-475B-872A-60EEFFB7ECF6}.Release|Any CPU.Build.0 = Release|Any CPU
	EndGlobalSection
	GlobalSection(SolutionProperties) = preSolution
		HideSolutionNode = FALSE
	EndGlobalSection
	GlobalSection(NestedProjects) = preSolution
		{546BF35F-4F5A-41F0-83F6-6A9DF43255A3} = {B37E0E93-4F86-473B-ABBE-F6EEFF7BC119}
		{604C4B9E-F651-404B-BBD9-6EFB7100E8EA} = {B37E0E93-4F86-473B-ABBE-F6EEFF7BC119}
		{5962A62C-71B9-4F02-96CC-B55DD5EDA8C5} = {B37E0E93-4F86-473B-ABBE-F6EEFF7BC119}
		{B7CF3867-8B86-453E-9B50-32AB1DDEA776} = {B37E0E93-4F86-473B-ABBE-F6EEFF7BC119}
		{9D50B28A-006D-40A2-A89C-CE08AB2B847C} = {604C4B9E-F651-404B-BBD9-6EFB7100E8EA}
		{6FA5D6D8-5EC6-4DDF-9E3B-B85CCB27E381} = {604C4B9E-F651-404B-BBD9-6EFB7100E8EA}
		{73DB7914-6AEE-4E90-A757-A34965AA862C} = {5962A62C-71B9-4F02-96CC-B55DD5EDA8C5}
		{BCAB51B6-0863-4F5A-92BA-599C3B5013C1} = {5962A62C-71B9-4F02-96CC-B55DD5EDA8C5}
		{04B0BCF6-8F5E-475B-872A-60EEFFB7ECF6} = {546BF35F-4F5A-41F0-83F6-6A9DF43255A3}
	EndGlobalSection
	GlobalSection(ExtensibilityGlobals) = postSolution
		SolutionGuid = {1AEBD295-90C9-4C59-A27F-756554938300}
	EndGlobalSection
EndGlobal
